
Microsoft Visual Studio Solution File, Format Version 12.00
# Visual Studio Version 17
VisualStudioVersion = 17.6.33815.320
MinimumVisualStudioVersion = 10.0.40219.1
Project("{9A19103F-16F7-4668-BE54-9A1E7A4F7556}") = "Universe.ChromeAndDriverInstaller", "Universe.ChromeAndDriverInstaller\Universe.ChromeAndDriverInstaller.csproj", "{ED9AD2EC-AD94-4495-B819-FC385E55A488}"
EndProject
Project("{9A19103F-16F7-4668-BE54-9A1E7A4F7556}") = "Universe.ChromeAndDriverInstaller.Tests", "Universe.ChromeAndDriverInstaller.Tests\Universe.ChromeAndDriverInstaller.Tests.csproj", "{6C1DC8B6-3ADB-443F-A04C-C5E60A5C12B9}"
EndProject
Project("{FAE04EC0-301F-11D3-BF4B-00C04F79EFBC}") = "LegacyParser", "LegacyParser\LegacyParser.csproj", "{8329FDB0-4C36-4C18-BD5B-DC50B6BCC461}"
EndProject
Project("{FAE04EC0-301F-11D3-BF4B-00C04F79EFBC}") = "GrabChromiumLinks", "GrabChromiumLinks\GrabChromiumLinks.csproj", "{5F3E94E5-ABBF-45B9-A6A9-4D804C852294}"
EndProject
Global
	GlobalSection(SolutionConfigurationPlatforms) = preSolution
		Debug|Any CPU = Debug|Any CPU
		Release|Any CPU = Release|Any CPU
	EndGlobalSection
	GlobalSection(ProjectConfigurationPlatforms) = postSolution
		{ED9AD2EC-AD94-4495-B819-FC385E55A488}.Debug|Any CPU.ActiveCfg = Debug|Any CPU
		{ED9AD2EC-AD94-4495-B819-FC385E55A488}.Debug|Any CPU.Build.0 = Debug|Any CPU
		{ED9AD2EC-AD94-4495-B819-FC385E55A488}.Release|Any CPU.ActiveCfg = Release|Any CPU
		{ED9AD2EC-AD94-4495-B819-FC385E55A488}.Release|Any CPU.Build.0 = Release|Any CPU
		{6C1DC8B6-3ADB-443F-A04C-C5E60A5C12B9}.Debug|Any CPU.ActiveCfg = Debug|Any CPU
		{6C1DC8B6-3ADB-443F-A04C-C5E60A5C12B9}.Debug|Any CPU.Build.0 = Debug|Any CPU
		{6C1DC8B6-3ADB-443F-A04C-C5E60A5C12B9}.Release|Any CPU.ActiveCfg = Release|Any CPU
		{6C1DC8B6-3ADB-443F-A04C-C5E60A5C12B9}.Release|Any CPU.Build.0 = Release|Any CPU
		{8329FDB0-4C36-4C18-BD5B-DC50B6BCC461}.Debug|Any CPU.ActiveCfg = Debug|Any CPU
		{8329FDB0-4C36-4C18-BD5B-DC50B6BCC461}.Debug|Any CPU.Build.0 = Debug|Any CPU
		{8329FDB0-4C36-4C18-BD5B-DC50B6BCC461}.Release|Any CPU.ActiveCfg = Release|Any CPU
		{8329FDB0-4C36-4C18-BD5B-DC50B6BCC461}.Release|Any CPU.Build.0 = Release|Any CPU
		{5F3E94E5-ABBF-45B9-A6A9-4D804C852294}.Debug|Any CPU.ActiveCfg = Debug|Any CPU
		{5F3E94E5-ABBF-45B9-A6A9-4D804C852294}.Debug|Any CPU.Build.0 = Debug|Any CPU
		{5F3E94E5-ABBF-45B9-A6A9-4D804C852294}.Release|Any CPU.ActiveCfg = Release|Any CPU
		{5F3E94E5-ABBF-45B9-A6A9-4D804C852294}.Release|Any CPU.Build.0 = Release|Any CPU
	EndGlobalSection
	GlobalSection(SolutionProperties) = preSolution
		HideSolutionNode = FALSE
	EndGlobalSection
	GlobalSection(ExtensibilityGlobals) = postSolution
		SolutionGuid = {FBA0851E-3E9E-47FE-9074-C3826B5FFE30}
	EndGlobalSection
EndGlobal
